// !$*UTF8*$!
{
	archiveVersion = 1;
	classes = {
	};
	objectVersion = 55;
	objects = {

/* Begin PBXBuildFile section */
		F60C07F02864C12800FD5FAA /* AppDelegate.swift in Sources */ = {isa = PBXBuildFile; fileRef = F60C07EF2864C12800FD5FAA /* AppDelegate.swift */; };
		F60C07F92864C12B00FD5FAA /* Assets.xcassets in Resources */ = {isa = PBXBuildFile; fileRef = F60C07F82864C12B00FD5FAA /* Assets.xcassets */; };
		F60C07FC2864C12B00FD5FAA /* LaunchScreen.storyboard in Resources */ = {isa = PBXBuildFile; fileRef = F60C07FA2864C12B00FD5FAA /* LaunchScreen.storyboard */; };
		F60C08072864C12B00FD5FAA /* myMovieTrackerAppTests.swift in Sources */ = {isa = PBXBuildFile; fileRef = F60C08062864C12B00FD5FAA /* myMovieTrackerAppTests.swift */; };
		F60C08112864C12B00FD5FAA /* myMovieTrackerAppUITests.swift in Sources */ = {isa = PBXBuildFile; fileRef = F60C08102864C12B00FD5FAA /* myMovieTrackerAppUITests.swift */; };
		F60C08132864C12B00FD5FAA /* myMovieTrackerAppUITestsLaunchTests.swift in Sources */ = {isa = PBXBuildFile; fileRef = F60C08122864C12B00FD5FAA /* myMovieTrackerAppUITestsLaunchTests.swift */; };
		F60C08232864C31B00FD5FAA /* MovieTrackerRootVC.swift in Sources */ = {isa = PBXBuildFile; fileRef = F60C08222864C31B00FD5FAA /* MovieTrackerRootVC.swift */; };
		F60C08252864DB6800FD5FAA /* MovieCollectionViewCell.swift in Sources */ = {isa = PBXBuildFile; fileRef = F60C08242864DB6800FD5FAA /* MovieCollectionViewCell.swift */; };
		F60C08272864F15300FD5FAA /* MovieApiUrlSession.swift in Sources */ = {isa = PBXBuildFile; fileRef = F60C08262864F15300FD5FAA /* MovieApiUrlSession.swift */; };
		F60C08292864F1AE00FD5FAA /* WelcomeDataResponse.swift in Sources */ = {isa = PBXBuildFile; fileRef = F60C08282864F1AE00FD5FAA /* WelcomeDataResponse.swift */; };
		F6C7F8DD28662B0000ADAC96 /* Kingfisher in Frameworks */ = {isa = PBXBuildFile; productRef = F6C7F8DC28662B0000ADAC96 /* Kingfisher */; };
/* End PBXBuildFile section */

/* Begin PBXContainerItemProxy section */
		F60C08032864C12B00FD5FAA /* PBXContainerItemProxy */ = {
			isa = PBXContainerItemProxy;
			containerPortal = F60C07E42864C12800FD5FAA /* Project object */;
			proxyType = 1;
			remoteGlobalIDString = F60C07EB2864C12800FD5FAA;
			remoteInfo = myMovieTrackerApp;
		};
		F60C080D2864C12B00FD5FAA /* PBXContainerItemProxy */ = {
			isa = PBXContainerItemProxy;
			containerPortal = F60C07E42864C12800FD5FAA /* Project object */;
			proxyType = 1;
			remoteGlobalIDString = F60C07EB2864C12800FD5FAA;
			remoteInfo = myMovieTrackerApp;
		};
/* End PBXContainerItemProxy section */

/* Begin PBXFileReference section */
		F60C07EC2864C12800FD5FAA /* myMovieTrackerApp.app */ = {isa = PBXFileReference; explicitFileType = wrapper.application; includeInIndex = 0; path = myMovieTrackerApp.app; sourceTree = BUILT_PRODUCTS_DIR; };
		F60C07EF2864C12800FD5FAA /* AppDelegate.swift */ = {isa = PBXFileReference; lastKnownFileType = sourcecode.swift; path = AppDelegate.swift; sourceTree = "<group>"; };
		F60C07F82864C12B00FD5FAA /* Assets.xcassets */ = {isa = PBXFileReference; lastKnownFileType = folder.assetcatalog; path = Assets.xcassets; sourceTree = "<group>"; };
		F60C07FB2864C12B00FD5FAA /* Base */ = {isa = PBXFileReference; lastKnownFileType = file.storyboard; name = Base; path = Base.lproj/LaunchScreen.storyboard; sourceTree = "<group>"; };
		F60C07FD2864C12B00FD5FAA /* Info.plist */ = {isa = PBXFileReference; lastKnownFileType = text.plist.xml; path = Info.plist; sourceTree = "<group>"; };
		F60C08022864C12B00FD5FAA /* myMovieTrackerAppTests.xctest */ = {isa = PBXFileReference; explicitFileType = wrapper.cfbundle; includeInIndex = 0; path = myMovieTrackerAppTests.xctest; sourceTree = BUILT_PRODUCTS_DIR; };
		F60C08062864C12B00FD5FAA /* myMovieTrackerAppTests.swift */ = {isa = PBXFileReference; lastKnownFileType = sourcecode.swift; path = myMovieTrackerAppTests.swift; sourceTree = "<group>"; };
		F60C080C2864C12B00FD5FAA /* myMovieTrackerAppUITests.xctest */ = {isa = PBXFileReference; explicitFileType = wrapper.cfbundle; includeInIndex = 0; path = myMovieTrackerAppUITests.xctest; sourceTree = BUILT_PRODUCTS_DIR; };
		F60C08102864C12B00FD5FAA /* myMovieTrackerAppUITests.swift */ = {isa = PBXFileReference; lastKnownFileType = sourcecode.swift; path = myMovieTrackerAppUITests.swift; sourceTree = "<group>"; };
		F60C08122864C12B00FD5FAA /* myMovieTrackerAppUITestsLaunchTests.swift */ = {isa = PBXFileReference; lastKnownFileType = sourcecode.swift; path = myMovieTrackerAppUITestsLaunchTests.swift; sourceTree = "<group>"; };
		F60C08222864C31B00FD5FAA /* MovieTrackerRootVC.swift */ = {isa = PBXFileReference; lastKnownFileType = sourcecode.swift; path = MovieTrackerRootVC.swift; sourceTree = "<group>"; };
		F60C08242864DB6800FD5FAA /* MovieCollectionViewCell.swift */ = {isa = PBXFileReference; lastKnownFileType = sourcecode.swift; path = MovieCollectionViewCell.swift; sourceTree = "<group>"; };
		F60C08262864F15300FD5FAA /* MovieApiUrlSession.swift */ = {isa = PBXFileReference; lastKnownFileType = sourcecode.swift; path = MovieApiUrlSession.swift; sourceTree = "<group>"; };
		F60C08282864F1AE00FD5FAA /* WelcomeDataResponse.swift */ = {isa = PBXFileReference; lastKnownFileType = sourcecode.swift; path = WelcomeDataResponse.swift; sourceTree = "<group>"; };
/* End PBXFileReference section */

/* Begin PBXFrameworksBuildPhase section */
		F60C07E92864C12800FD5FAA /* Frameworks */ = {
			isa = PBXFrameworksBuildPhase;
			buildActionMask = 2147483647;
			files = (
				F6C7F8DD28662B0000ADAC96 /* Kingfisher in Frameworks */,
			);
			runOnlyForDeploymentPostprocessing = 0;
		};
		F60C07FF2864C12B00FD5FAA /* Frameworks */ = {
			isa = PBXFrameworksBuildPhase;
			buildActionMask = 2147483647;
			files = (
			);
			runOnlyForDeploymentPostprocessing = 0;
		};
		F60C08092864C12B00FD5FAA /* Frameworks */ = {
			isa = PBXFrameworksBuildPhase;
			buildActionMask = 2147483647;
			files = (
			);
			runOnlyForDeploymentPostprocessing = 0;
		};
/* End PBXFrameworksBuildPhase section */

/* Begin PBXGroup section */
		F60C07E32864C12800FD5FAA = {
			isa = PBXGroup;
			children = (
				F60C07EE2864C12800FD5FAA /* myMovieTrackerApp */,
				F60C08052864C12B00FD5FAA /* myMovieTrackerAppTests */,
				F60C080F2864C12B00FD5FAA /* myMovieTrackerAppUITests */,
				F60C07ED2864C12800FD5FAA /* Products */,
			);
			sourceTree = "<group>";
		};
		F60C07ED2864C12800FD5FAA /* Products */ = {
			isa = PBXGroup;
			children = (
				F60C07EC2864C12800FD5FAA /* myMovieTrackerApp.app */,
				F60C08022864C12B00FD5FAA /* myMovieTrackerAppTests.xctest */,
				F60C080C2864C12B00FD5FAA /* myMovieTrackerAppUITests.xctest */,
			);
			name = Products;
			sourceTree = "<group>";
		};
		F60C07EE2864C12800FD5FAA /* myMovieTrackerApp */ = {
			isa = PBXGroup;
			children = (
				F60C08212864C2EB00FD5FAA /* CollectionViewCells */,
				F60C08202864C2DB00FD5FAA /* ViewControllers */,
				F60C081F2864C2D400FD5FAA /* Network */,
				F60C07EF2864C12800FD5FAA /* AppDelegate.swift */,
				F60C07F82864C12B00FD5FAA /* Assets.xcassets */,
				F60C07FA2864C12B00FD5FAA /* LaunchScreen.storyboard */,
				F60C07FD2864C12B00FD5FAA /* Info.plist */,
			);
			path = myMovieTrackerApp;
			sourceTree = "<group>";
		};
		F60C08052864C12B00FD5FAA /* myMovieTrackerAppTests */ = {
			isa = PBXGroup;
			children = (
				F60C08062864C12B00FD5FAA /* myMovieTrackerAppTests.swift */,
			);
			path = myMovieTrackerAppTests;
			sourceTree = "<group>";
		};
		F60C080F2864C12B00FD5FAA /* myMovieTrackerAppUITests */ = {
			isa = PBXGroup;
			children = (
				F60C08102864C12B00FD5FAA /* myMovieTrackerAppUITests.swift */,
				F60C08122864C12B00FD5FAA /* myMovieTrackerAppUITestsLaunchTests.swift */,
			);
			path = myMovieTrackerAppUITests;
			sourceTree = "<group>";
		};
		F60C081F2864C2D400FD5FAA /* Network */ = {
			isa = PBXGroup;
			children = (
				F60C08262864F15300FD5FAA /* MovieApiUrlSession.swift */,
				F60C08282864F1AE00FD5FAA /* WelcomeDataResponse.swift */,
			);
			path = Network;
			sourceTree = "<group>";
		};
		F60C08202864C2DB00FD5FAA /* ViewControllers */ = {
			isa = PBXGroup;
			children = (
				F60C08222864C31B00FD5FAA /* MovieTrackerRootVC.swift */,
			);
			path = ViewControllers;
			sourceTree = "<group>";
		};
		F60C08212864C2EB00FD5FAA /* CollectionViewCells */ = {
			isa = PBXGroup;
			children = (
				F60C08242864DB6800FD5FAA /* MovieCollectionViewCell.swift */,
			);
			path = CollectionViewCells;
			sourceTree = "<group>";
		};
/* End PBXGroup section */

/* Begin PBXNativeTarget section */
		F60C07EB2864C12800FD5FAA /* myMovieTrackerApp */ = {
			isa = PBXNativeTarget;
			buildConfigurationList = F60C08162864C12B00FD5FAA /* Build configuration list for PBXNativeTarget "myMovieTrackerApp" */;
			buildPhases = (
				F60C07E82864C12800FD5FAA /* Sources */,
				F60C07E92864C12800FD5FAA /* Frameworks */,
				F60C07EA2864C12800FD5FAA /* Resources */,
			);
			buildRules = (
			);
			dependencies = (
			);
			name = myMovieTrackerApp;
			packageProductDependencies = (
				F6C7F8DC28662B0000ADAC96 /* Kingfisher */,
			);
			productName = myMovieTrackerApp;
			productReference = F60C07EC2864C12800FD5FAA /* myMovieTrackerApp.app */;
			productType = "com.apple.product-type.application";
		};
		F60C08012864C12B00FD5FAA /* myMovieTrackerAppTests */ = {
			isa = PBXNativeTarget;
			buildConfigurationList = F60C08192864C12B00FD5FAA /* Build configuration list for PBXNativeTarget "myMovieTrackerAppTests" */;
			buildPhases = (
				F60C07FE2864C12B00FD5FAA /* Sources */,
				F60C07FF2864C12B00FD5FAA /* Frameworks */,
				F60C08002864C12B00FD5FAA /* Resources */,
			);
			buildRules = (
			);
			dependencies = (
				F60C08042864C12B00FD5FAA /* PBXTargetDependency */,
			);
			name = myMovieTrackerAppTests;
			productName = myMovieTrackerAppTests;
			productReference = F60C08022864C12B00FD5FAA /* myMovieTrackerAppTests.xctest */;
			productType = "com.apple.product-type.bundle.unit-test";
		};
		F60C080B2864C12B00FD5FAA /* myMovieTrackerAppUITests */ = {
			isa = PBXNativeTarget;
			buildConfigurationList = F60C081C2864C12B00FD5FAA /* Build configuration list for PBXNativeTarget "myMovieTrackerAppUITests" */;
			buildPhases = (
				F60C08082864C12B00FD5FAA /* Sources */,
				F60C08092864C12B00FD5FAA /* Frameworks */,
				F60C080A2864C12B00FD5FAA /* Resources */,
			);
			buildRules = (
			);
			dependencies = (
				F60C080E2864C12B00FD5FAA /* PBXTargetDependency */,
			);
			name = myMovieTrackerAppUITests;
			productName = myMovieTrackerAppUITests;
			productReference = F60C080C2864C12B00FD5FAA /* myMovieTrackerAppUITests.xctest */;
			productType = "com.apple.product-type.bundle.ui-testing";
		};
/* End PBXNativeTarget section */

/* Begin PBXProject section */
		F60C07E42864C12800FD5FAA /* Project object */ = {
			isa = PBXProject;
			attributes = {
				BuildIndependentTargetsInParallel = 1;
				LastSwiftUpdateCheck = 1340;
				LastUpgradeCheck = 1340;
				TargetAttributes = {
					F60C07EB2864C12800FD5FAA = {
						CreatedOnToolsVersion = 13.4;
					};
					F60C08012864C12B00FD5FAA = {
						CreatedOnToolsVersion = 13.4;
						TestTargetID = F60C07EB2864C12800FD5FAA;
					};
					F60C080B2864C12B00FD5FAA = {
						CreatedOnToolsVersion = 13.4;
						TestTargetID = F60C07EB2864C12800FD5FAA;
					};
				};
			};
			buildConfigurationList = F60C07E72864C12800FD5FAA /* Build configuration list for PBXProject "myMovieTrackerApp" */;
			compatibilityVersion = "Xcode 13.0";
			developmentRegion = en;
			hasScannedForEncodings = 0;
			knownRegions = (
				en,
				Base,
			);
			mainGroup = F60C07E32864C12800FD5FAA;
			packageReferences = (
				F6C7F8DB28662B0000ADAC96 /* XCRemoteSwiftPackageReference "Kingfisher" */,
			);
			productRefGroup = F60C07ED2864C12800FD5FAA /* Products */;
			projectDirPath = "";
			projectRoot = "";
			targets = (
				F60C07EB2864C12800FD5FAA /* myMovieTrackerApp */,
				F60C08012864C12B00FD5FAA /* myMovieTrackerAppTests */,
				F60C080B2864C12B00FD5FAA /* myMovieTrackerAppUITests */,
			);
		};
/* End PBXProject section */

/* Begin PBXResourcesBuildPhase section */
		F60C07EA2864C12800FD5FAA /* Resources */ = {
			isa = PBXResourcesBuildPhase;
			buildActionMask = 2147483647;
			files = (
				F60C07FC2864C12B00FD5FAA /* LaunchScreen.storyboard in Resources */,
				F60C07F92864C12B00FD5FAA /* Assets.xcassets in Resources */,
			);
			runOnlyForDeploymentPostprocessing = 0;
		};
		F60C08002864C12B00FD5FAA /* Resources */ = {
			isa = PBXResourcesBuildPhase;
			buildActionMask = 2147483647;
			files = (
			);
			runOnlyForDeploymentPostprocessing = 0;
		};
		F60C080A2864C12B00FD5FAA /* Resources */ = {
			isa = PBXResourcesBuildPhase;
			buildActionMask = 2147483647;
			files = (
			);
			runOnlyForDeploymentPostprocessing = 0;
		};
/* End PBXResourcesBuildPhase section */

/* Begin PBXSourcesBuildPhase section */
		F60C07E82864C12800FD5FAA /* Sources */ = {
			isa = PBXSourcesBuildPhase;
			buildActionMask = 2147483647;
			files = (
				F60C08252864DB6800FD5FAA /* MovieCollectionViewCell.swift in Sources */,
				F60C08232864C31B00FD5FAA /* MovieTrackerRootVC.swift in Sources */,
				F60C07F02864C12800FD5FAA /* AppDelegate.swift in Sources */,
				F60C08292864F1AE00FD5FAA /* WelcomeDataResponse.swift in Sources */,
				F60C08272864F15300FD5FAA /* MovieApiUrlSession.swift in Sources */,
			);
			runOnlyForDeploymentPostprocessing = 0;
		};
		F60C07FE2864C12B00FD5FAA /* Sources */ = {
			isa = PBXSourcesBuildPhase;
			buildActionMask = 2147483647;
			files = (
				F60C08072864C12B00FD5FAA /* myMovieTrackerAppTests.swift in Sources */,
			);
			runOnlyForDeploymentPostprocessing = 0;
		};
		F60C08082864C12B00FD5FAA /* Sources */ = {
			isa = PBXSourcesBuildPhase;
			buildActionMask = 2147483647;
			files = (
				F60C08132864C12B00FD5FAA /* myMovieTrackerAppUITestsLaunchTests.swift in Sources */,
				F60C08112864C12B00FD5FAA /* myMovieTrackerAppUITests.swift in Sources */,
			);
			runOnlyForDeploymentPostprocessing = 0;
		};
/* End PBXSourcesBuildPhase section */

/* Begin PBXTargetDependency section */
		F60C08042864C12B00FD5FAA /* PBXTargetDependency */ = {
			isa = PBXTargetDependency;
			target = F60C07EB2864C12800FD5FAA /* myMovieTrackerApp */;
			targetProxy = F60C08032864C12B00FD5FAA /* PBXContainerItemProxy */;
		};
		F60C080E2864C12B00FD5FAA /* PBXTargetDependency */ = {
			isa = PBXTargetDependency;
			target = F60C07EB2864C12800FD5FAA /* myMovieTrackerApp */;
			targetProxy = F60C080D2864C12B00FD5FAA /* PBXContainerItemProxy */;
		};
/* End PBXTargetDependency section */

/* Begin PBXVariantGroup section */
		F60C07FA2864C12B00FD5FAA /* LaunchScreen.storyboard */ = {
			isa = PBXVariantGroup;
			children = (
				F60C07FB2864C12B00FD5FAA /* Base */,
			);
			name = LaunchScreen.storyboard;
			sourceTree = "<group>";
		};
/* End PBXVariantGroup section */

/* Begin XCBuildConfiguration section */
		F60C08142864C12B00FD5FAA /* Debug */ = {
			isa = XCBuildConfiguration;
			buildSettings = {
				ALWAYS_SEARCH_USER_PATHS = NO;
				CLANG_ANALYZER_NONNULL = YES;
				CLANG_ANALYZER_NUMBER_OBJECT_CONVERSION = YES_AGGRESSIVE;
				CLANG_CXX_LANGUAGE_STANDARD = "gnu++17";
				CLANG_ENABLE_MODULES = YES;
				CLANG_ENABLE_OBJC_ARC = YES;
				CLANG_ENABLE_OBJC_WEAK = YES;
				CLANG_WARN_BLOCK_CAPTURE_AUTORELEASING = YES;
				CLANG_WARN_BOOL_CONVERSION = YES;
				CLANG_WARN_COMMA = YES;
				CLANG_WARN_CONSTANT_CONVERSION = YES;
				CLANG_WARN_DEPRECATED_OBJC_IMPLEMENTATIONS = YES;
				CLANG_WARN_DIRECT_OBJC_ISA_USAGE = YES_ERROR;
				CLANG_WARN_DOCUMENTATION_COMMENTS = YES;
				CLANG_WARN_EMPTY_BODY = YES;
				CLANG_WARN_ENUM_CONVERSION = YES;
				CLANG_WARN_INFINITE_RECURSION = YES;
				CLANG_WARN_INT_CONVERSION = YES;
				CLANG_WARN_NON_LITERAL_NULL_CONVERSION = YES;
				CLANG_WARN_OBJC_IMPLICIT_RETAIN_SELF = YES;
				CLANG_WARN_OBJC_LITERAL_CONVERSION = YES;
				CLANG_WARN_OBJC_ROOT_CLASS = YES_ERROR;
				CLANG_WARN_QUOTED_INCLUDE_IN_FRAMEWORK_HEADER = YES;
				CLANG_WARN_RANGE_LOOP_ANALYSIS = YES;
				CLANG_WARN_STRICT_PROTOTYPES = YES;
				CLANG_WARN_SUSPICIOUS_MOVE = YES;
				CLANG_WARN_UNGUARDED_AVAILABILITY = YES_AGGRESSIVE;
				CLANG_WARN_UNREACHABLE_CODE = YES;
				CLANG_WARN__DUPLICATE_METHOD_MATCH = YES;
				COPY_PHASE_STRIP = NO;
				DEBUG_INFORMATION_FORMAT = dwarf;
				ENABLE_STRICT_OBJC_MSGSEND = YES;
				ENABLE_TESTABILITY = YES;
				GCC_C_LANGUAGE_STANDARD = gnu11;
				GCC_DYNAMIC_NO_PIC = NO;
				GCC_NO_COMMON_BLOCKS = YES;
				GCC_OPTIMIZATION_LEVEL = 0;
				GCC_PREPROCESSOR_DEFINITIONS = (
					"DEBUG=1",
					"$(inherited)",
				);
				GCC_WARN_64_TO_32_BIT_CONVERSION = YES;
				GCC_WARN_ABOUT_RETURN_TYPE = YES_ERROR;
				GCC_WARN_UNDECLARED_SELECTOR = YES;
				GCC_WARN_UNINITIALIZED_AUTOS = YES_AGGRESSIVE;
				GCC_WARN_UNUSED_FUNCTION = YES;
				GCC_WARN_UNUSED_VARIABLE = YES;
				IPHONEOS_DEPLOYMENT_TARGET = 15.5;
				MTL_ENABLE_DEBUG_INFO = INCLUDE_SOURCE;
				MTL_FAST_MATH = YES;
				ONLY_ACTIVE_ARCH = YES;
				SDKROOT = iphoneos;
				SWIFT_ACTIVE_COMPILATION_CONDITIONS = DEBUG;
				SWIFT_OPTIMIZATION_LEVEL = "-Onone";
			};
			name = Debug;
		};
		F60C08152864C12B00FD5FAA /* Release */ = {
			isa = XCBuildConfiguration;
			buildSettings = {
				ALWAYS_SEARCH_USER_PATHS = NO;
				CLANG_ANALYZER_NONNULL = YES;
				CLANG_ANALYZER_NUMBER_OBJECT_CONVERSION = YES_AGGRESSIVE;
				CLANG_CXX_LANGUAGE_STANDARD = "gnu++17";
				CLANG_ENABLE_MODULES = YES;
				CLANG_ENABLE_OBJC_ARC = YES;
				CLANG_ENABLE_OBJC_WEAK = YES;
				CLANG_WARN_BLOCK_CAPTURE_AUTORELEASING = YES;
				CLANG_WARN_BOOL_CONVERSION = YES;
				CLANG_WARN_COMMA = YES;
				CLANG_WARN_CONSTANT_CONVERSION = YES;
				CLANG_WARN_DEPRECATED_OBJC_IMPLEMENTATIONS = YES;
				CLANG_WARN_DIRECT_OBJC_ISA_USAGE = YES_ERROR;
				CLANG_WARN_DOCUMENTATION_COMMENTS = YES;
				CLANG_WARN_EMPTY_BODY = YES;
				CLANG_WARN_ENUM_CONVERSION = YES;
				CLANG_WARN_INFINITE_RECURSION = YES;
				CLANG_WARN_INT_CONVERSION = YES;
				CLANG_WARN_NON_LITERAL_NULL_CONVERSION = YES;
				CLANG_WARN_OBJC_IMPLICIT_RETAIN_SELF = YES;
				CLANG_WARN_OBJC_LITERAL_CONVERSION = YES;
				CLANG_WARN_OBJC_ROOT_CLASS = YES_ERROR;
				CLANG_WARN_QUOTED_INCLUDE_IN_FRAMEWORK_HEADER = YES;
				CLANG_WARN_RANGE_LOOP_ANALYSIS = YES;
				CLANG_WARN_STRICT_PROTOTYPES = YES;
				CLANG_WARN_SUSPICIOUS_MOVE = YES;
				CLANG_WARN_UNGUARDED_AVAILABILITY = YES_AGGRESSIVE;
				CLANG_WARN_UNREACHABLE_CODE = YES;
				CLANG_WARN__DUPLICATE_METHOD_MATCH = YES;
				COPY_PHASE_STRIP = NO;
				DEBUG_INFORMATION_FORMAT = "dwarf-with-dsym";
				ENABLE_NS_ASSERTIONS = NO;
				ENABLE_STRICT_OBJC_MSGSEND = YES;
				GCC_C_LANGUAGE_STANDARD = gnu11;
				GCC_NO_COMMON_BLOCKS = YES;
				GCC_WARN_64_TO_32_BIT_CONVERSION = YES;
				GCC_WARN_ABOUT_RETURN_TYPE = YES_ERROR;
				GCC_WARN_UNDECLARED_SELECTOR = YES;
				GCC_WARN_UNINITIALIZED_AUTOS = YES_AGGRESSIVE;
				GCC_WARN_UNUSED_FUNCTION = YES;
				GCC_WARN_UNUSED_VARIABLE = YES;
				IPHONEOS_DEPLOYMENT_TARGET = 15.5;
				MTL_ENABLE_DEBUG_INFO = NO;
				MTL_FAST_MATH = YES;
				SDKROOT = iphoneos;
				SWIFT_COMPILATION_MODE = wholemodule;
				SWIFT_OPTIMIZATION_LEVEL = "-O";
				VALIDATE_PRODUCT = YES;
			};
			name = Release;
		};
		F60C08172864C12B00FD5FAA /* Debug */ = {
			isa = XCBuildConfiguration;
			buildSettings = {
				ASSETCATALOG_COMPILER_APPICON_NAME = AppIcon;
				ASSETCATALOG_COMPILER_GLOBAL_ACCENT_COLOR_NAME = AccentColor;
				CODE_SIGN_STYLE = Automatic;
				CURRENT_PROJECT_VERSION = 1;
				DEVELOPMENT_TEAM = 3K9N56469B;
				GENERATE_INFOPLIST_FILE = YES;
				INFOPLIST_FILE = myMovieTrackerApp/Info.plist;
				INFOPLIST_KEY_UIApplicationSupportsIndirectInputEvents = YES;
				INFOPLIST_KEY_UILaunchStoryboardName = LaunchScreen;
				INFOPLIST_KEY_UISupportedInterfaceOrientations_iPad = "UIInterfaceOrientationPortrait UIInterfaceOrientationPortraitUpsideDown UIInterfaceOrientationLandscapeLeft UIInterfaceOrientationLandscapeRight";
				INFOPLIST_KEY_UISupportedInterfaceOrientations_iPhone = "UIInterfaceOrientationPortrait UIInterfaceOrientationLandscapeLeft UIInterfaceOrientationLandscapeRight";
				IPHONEOS_DEPLOYMENT_TARGET = 12.0;
				LD_RUNPATH_SEARCH_PATHS = (
					"$(inherited)",
					"@executable_path/Frameworks",
				);
				MARKETING_VERSION = 1.0;
				PRODUCT_BUNDLE_IDENTIFIER = com.atakangedik.myMovieTrackerApp;
				PRODUCT_NAME = "$(TARGET_NAME)";
				SWIFT_EMIT_LOC_STRINGS = YES;
				SWIFT_VERSION = 5.0;
				TARGETED_DEVICE_FAMILY = 1;
			};
			name = Debug;
		};
		F60C08182864C12B00FD5FAA /* Release */ = {
			isa = XCBuildConfiguration;
			buildSettings = {
				ASSETCATALOG_COMPILER_APPICON_NAME = AppIcon;
				ASSETCATALOG_COMPILER_GLOBAL_ACCENT_COLOR_NAME = AccentColor;
				CODE_SIGN_STYLE = Automatic;
				CURRENT_PROJECT_VERSION = 1;
				DEVELOPMENT_TEAM = 3K9N56469B;
				GENERATE_INFOPLIST_FILE = YES;
				INFOPLIST_FILE = myMovieTrackerApp/Info.plist;
				INFOPLIST_KEY_UIApplicationSupportsIndirectInputEvents = YES;
				INFOPLIST_KEY_UILaunchStoryboardName = LaunchScreen;
				INFOPLIST_KEY_UISupportedInterfaceOrientations_iPad = "UIInterfaceOrientationPortrait UIInterfaceOrientationPortraitUpsideDown UIInterfaceOrientationLandscapeLeft UIInterfaceOrientationLandscapeRight";
				INFOPLIST_KEY_UISupportedInterfaceOrientations_iPhone = "UIInterfaceOrientationPortrait UIInterfaceOrientationLandscapeLeft UIInterfaceOrientationLandscapeRight";
				IPHONEOS_DEPLOYMENT_TARGET = 12.0;
				LD_RUNPATH_SEARCH_PATHS = (
					"$(inherited)",
					"@executable_path/Frameworks",
				);
				MARKETING_VERSION = 1.0;
				PRODUCT_BUNDLE_IDENTIFIER = com.atakangedik.myMovieTrackerApp;
				PRODUCT_NAME = "$(TARGET_NAME)";
				SWIFT_EMIT_LOC_STRINGS = YES;
				SWIFT_VERSION = 5.0;
				TARGETED_DEVICE_FAMILY = 1;
			};
			name = Release;
		};
		F60C081A2864C12B00FD5FAA /* Debug */ = {
			isa = XCBuildConfiguration;
			buildSettings = {
				ALWAYS_EMBED_SWIFT_STANDARD_LIBRARIES = YES;
				BUNDLE_LOADER = "$(TEST_HOST)";
				CODE_SIGN_STYLE = Automatic;
				CURRENT_PROJECT_VERSION = 1;
				DEVELOPMENT_TEAM = 3K9N56469B;
				GENERATE_INFOPLIST_FILE = YES;
				IPHONEOS_DEPLOYMENT_TARGET = 15.5;
				MARKETING_VERSION = 1.0;
				PRODUCT_BUNDLE_IDENTIFIER = com.atakangedik.myMovieTrackerAppTests;
				PRODUCT_NAME = "$(TARGET_NAME)";
				SWIFT_EMIT_LOC_STRINGS = NO;
				SWIFT_VERSION = 5.0;
				TARGETED_DEVICE_FAMILY = "1,2";
				TEST_HOST = "$(BUILT_PRODUCTS_DIR)/myMovieTrackerApp.app/myMovieTrackerApp";
			};
			name = Debug;
		};
		F60C081B2864C12B00FD5FAA /* Release */ = {
			isa = XCBuildConfiguration;
			buildSettings = {
				ALWAYS_EMBED_SWIFT_STANDARD_LIBRARIES = YES;
				BUNDLE_LOADER = "$(TEST_HOST)";
				CODE_SIGN_STYLE = Automatic;
				CURRENT_PROJECT_VERSION = 1;
				DEVELOPMENT_TEAM = 3K9N56469B;
				GENERATE_INFOPLIST_FILE = YES;
				IPHONEOS_DEPLOYMENT_TARGET = 15.5;
				MARKETING_VERSION = 1.0;
				PRODUCT_BUNDLE_IDENTIFIER = com.atakangedik.myMovieTrackerAppTests;
				PRODUCT_NAME = "$(TARGET_NAME)";
				SWIFT_EMIT_LOC_STRINGS = NO;
				SWIFT_VERSION = 5.0;
				TARGETED_DEVICE_FAMILY = "1,2";
				TEST_HOST = "$(BUILT_PRODUCTS_DIR)/myMovieTrackerApp.app/myMovieTrackerApp";
			};
			name = Release;
		};
		F60C081D2864C12B00FD5FAA /* Debug */ = {
			isa = XCBuildConfiguration;
			buildSettings = {
				ALWAYS_EMBED_SWIFT_STANDARD_LIBRARIES = YES;
				CODE_SIGN_STYLE = Automatic;
				CURRENT_PROJECT_VERSION = 1;
				DEVELOPMENT_TEAM = 3K9N56469B;
				GENERATE_INFOPLIST_FILE = YES;
				MARKETING_VERSION = 1.0;
				PRODUCT_BUNDLE_IDENTIFIER = com.atakangedik.myMovieTrackerAppUITests;
				PRODUCT_NAME = "$(TARGET_NAME)";
				SWIFT_EMIT_LOC_STRINGS = NO;
				SWIFT_VERSION = 5.0;
				TARGETED_DEVICE_FAMILY = "1,2";
				TEST_TARGET_NAME = myMovieTrackerApp;
			};
			name = Debug;
		};
		F60C081E2864C12B00FD5FAA /* Release */ = {
			isa = XCBuildConfiguration;
			buildSettings = {
				ALWAYS_EMBED_SWIFT_STANDARD_LIBRARIES = YES;
				CODE_SIGN_STYLE = Automatic;
				CURRENT_PROJECT_VERSION = 1;
				DEVELOPMENT_TEAM = 3K9N56469B;
				GENERATE_INFOPLIST_FILE = YES;
				MARKETING_VERSION = 1.0;
				PRODUCT_BUNDLE_IDENTIFIER = com.atakangedik.myMovieTrackerAppUITests;
				PRODUCT_NAME = "$(TARGET_NAME)";
				SWIFT_EMIT_LOC_STRINGS = NO;
				SWIFT_VERSION = 5.0;
				TARGETED_DEVICE_FAMILY = "1,2";
				TEST_TARGET_NAME = myMovieTrackerApp;
			};
			name = Release;
		};
/* End XCBuildConfiguration section */

/* Begin XCConfigurationList section */
		F60C07E72864C12800FD5FAA /* Build configuration list for PBXProject "myMovieTrackerApp" */ = {
			isa = XCConfigurationList;
			buildConfigurations = (
				F60C08142864C12B00FD5FAA /* Debug */,
				F60C08152864C12B00FD5FAA /* Release */,
			);
			defaultConfigurationIsVisible = 0;
			defaultConfigurationName = Release;
		};
		F60C08162864C12B00FD5FAA /* Build configuration list for PBXNativeTarget "myMovieTrackerApp" */ = {
			isa = XCConfigurationList;
			buildConfigurations = (
				F60C08172864C12B00FD5FAA /* Debug */,
				F60C08182864C12B00FD5FAA /* Release */,
			);
			defaultConfigurationIsVisible = 0;
			defaultConfigurationName = Release;
		};
		F60C08192864C12B00FD5FAA /* Build configuration list for PBXNativeTarget "myMovieTrackerAppTests" */ = {
			isa = XCConfigurationList;
			buildConfigurations = (
				F60C081A2864C12B00FD5FAA /* Debug */,
				F60C081B2864C12B00FD5FAA /* Release */,
			);
			defaultConfigurationIsVisible = 0;
			defaultConfigurationName = Release;
		};
		F60C081C2864C12B00FD5FAA /* Build configuration list for PBXNativeTarget "myMovieTrackerAppUITests" */ = {
			isa = XCConfigurationList;
			buildConfigurations = (
				F60C081D2864C12B00FD5FAA /* Debug */,
				F60C081E2864C12B00FD5FAA /* Release */,
			);
			defaultConfigurationIsVisible = 0;
			defaultConfigurationName = Release;
		};
/* End XCConfigurationList section */

/* Begin XCRemoteSwiftPackageReference section */
		F6C7F8DB28662B0000ADAC96 /* XCRemoteSwiftPackageReference "Kingfisher" */ = {
			isa = XCRemoteSwiftPackageReference;
			repositoryURL = "https://github.com/onevcat/Kingfisher";
			requirement = {
				kind = upToNextMajorVersion;
				minimumVersion = 7.0.0;
			};
		};
/* End XCRemoteSwiftPackageReference section */

/* Begin XCSwiftPackageProductDependency section */
		F6C7F8DC28662B0000ADAC96 /* Kingfisher */ = {
			isa = XCSwiftPackageProductDependency;
			package = F6C7F8DB28662B0000ADAC96 /* XCRemoteSwiftPackageReference "Kingfisher" */;
			productName = Kingfisher;
		};
/* End XCSwiftPackageProductDependency section */
	};
	rootObject = F60C07E42864C12800FD5FAA /* Project object */;
}
